
Microsoft Visual Studio Solution File, Format Version 12.00
# Visual Studio Version 16
VisualStudioVersion = 16.0.31005.135
MinimumVisualStudioVersion = 10.0.40219.1
Project("{9A19103F-16F7-4668-BE54-9A1E7A4F7556}") = "IndivduellUppgiftAPI", "IndivduellUppgiftAPI\IndivduellUppgiftAPI.csproj", "{7F7CC883-DE0C-40EA-9E9F-7F00AFB9C207}"
EndProject
Project("{9A19103F-16F7-4668-BE54-9A1E7A4F7556}") = "ModelLib", "ModelLib\ModelLib.csproj", "{15AE3E4A-6626-4904-828E-8D04EC34673C}"
EndProject
Global
	GlobalSection(SolutionConfigurationPlatforms) = preSolution
		Debug|Any CPU = Debug|Any CPU
		Release|Any CPU = Release|Any CPU
	EndGlobalSection
	GlobalSection(ProjectConfigurationPlatforms) = postSolution
		{7F7CC883-DE0C-40EA-9E9F-7F00AFB9C207}.Debug|Any CPU.ActiveCfg = Debug|Any CPU
		{7F7CC883-DE0C-40EA-9E9F-7F00AFB9C207}.Debug|Any CPU.Build.0 = Debug|Any CPU
		{7F7CC883-DE0C-40EA-9E9F-7F00AFB9C207}.Release|Any CPU.ActiveCfg = Release|Any CPU
		{7F7CC883-DE0C-40EA-9E9F-7F00AFB9C207}.Release|Any CPU.Build.0 = Release|Any CPU
		{15AE3E4A-6626-4904-828E-8D04EC34673C}.Debug|Any CPU.ActiveCfg = Debug|Any CPU
		{15AE3E4A-6626-4904-828E-8D04EC34673C}.Debug|Any CPU.Build.0 = Debug|Any CPU
		{15AE3E4A-6626-4904-828E-8D04EC34673C}.Release|Any CPU.ActiveCfg = Release|Any CPU
		{15AE3E4A-6626-4904-828E-8D04EC34673C}.Release|Any CPU.Build.0 = Release|Any CPU
	EndGlobalSection
	GlobalSection(SolutionProperties) = preSolution
		HideSolutionNode = FALSE
	EndGlobalSection
	GlobalSection(ExtensibilityGlobals) = postSolution
		SolutionGuid = {AD076B9B-6A8B-4615-9972-D5EF160CB99F}
	EndGlobalSection
EndGlobal
